
Microsoft Visual Studio Solution File, Format Version 12.00
# Visual Studio Version 17
VisualStudioVersion = 17.14.36127.28 d17.14
MinimumVisualStudioVersion = 10.0.40219.1
Project("{FAE04EC0-301F-11D3-BF4B-00C04F79EFBC}") = "testCICD", "testCICD\testCICD.csproj", "{8D8E7EB5-5343-4EBA-95A3-3BF19C388B8B}"
EndProject
Global
	GlobalSection(SolutionConfigurationPlatforms) = preSolution
		Debug|Any CPU = Debug|Any CPU
		Release|Any CPU = Release|Any CPU
	EndGlobalSection
	GlobalSection(ProjectConfigurationPlatforms) = postSolution
		{8D8E7EB5-5343-4EBA-95A3-3BF19C388B8B}.Debug|Any CPU.ActiveCfg = Debug|Any CPU
		{8D8E7EB5-5343-4EBA-95A3-3BF19C388B8B}.Debug|Any CPU.Build.0 = Debug|Any CPU
		{8D8E7EB5-5343-4EBA-95A3-3BF19C388B8B}.Release|Any CPU.ActiveCfg = Release|Any CPU
		{8D8E7EB5-5343-4EBA-95A3-3BF19C388B8B}.Release|Any CPU.Build.0 = Release|Any CPU
	EndGlobalSection
	GlobalSection(SolutionProperties) = preSolution
		HideSolutionNode = FALSE
	EndGlobalSection
	GlobalSection(ExtensibilityGlobals) = postSolution
		SolutionGuid = {424D6209-9FD4-4F37-9F37-EE2F4FDEE793}
	EndGlobalSection
EndGlobal
